// !$*UTF8*$!
{
	archiveVersion = 1;
	classes = {
	};
	objectVersion = 50;
	objects = {

/* Begin PBXBuildFile section */
		67153029259739AB008E9285 /* ExampleChatKitApp.swift in Sources */ = {isa = PBXBuildFile; fileRef = 67153028259739AB008E9285 /* ExampleChatKitApp.swift */; };
		6715302B259739AB008E9285 /* ContentView.swift in Sources */ = {isa = PBXBuildFile; fileRef = 6715302A259739AB008E9285 /* ContentView.swift */; };
		6715302D259739AC008E9285 /* Assets.xcassets in Resources */ = {isa = PBXBuildFile; fileRef = 6715302C259739AC008E9285 /* Assets.xcassets */; };
		67153030259739AC008E9285 /* Preview Assets.xcassets in Resources */ = {isa = PBXBuildFile; fileRef = 6715302F259739AC008E9285 /* Preview Assets.xcassets */; };
		6715303C259739FB008E9285 /* SendButton.swift in Sources */ = {isa = PBXBuildFile; fileRef = 67153039259739FB008E9285 /* SendButton.swift */; };
		6715303D259739FB008E9285 /* MessageField.swift in Sources */ = {isa = PBXBuildFile; fileRef = 6715303A259739FB008E9285 /* MessageField.swift */; };
		6715303E259739FB008E9285 /* MessageScrollView.swift in Sources */ = {isa = PBXBuildFile; fileRef = 6715303B259739FB008E9285 /* MessageScrollView.swift */; };
		6715304125973B65008E9285 /* Model.swift in Sources */ = {isa = PBXBuildFile; fileRef = 6715304025973B65008E9285 /* Model.swift */; };
		671C7BFB25974908001E6397 /* ChatBubble.swift in Sources */ = {isa = PBXBuildFile; fileRef = 671C7BFA25974908001E6397 /* ChatBubble.swift */; };
/* End PBXBuildFile section */

/* Begin PBXFileReference section */
		67153025259739AB008E9285 /* ExampleChatKit.app */ = {isa = PBXFileReference; explicitFileType = wrapper.application; includeInIndex = 0; path = ExampleChatKit.app; sourceTree = BUILT_PRODUCTS_DIR; };
		67153028259739AB008E9285 /* ExampleChatKitApp.swift */ = {isa = PBXFileReference; lastKnownFileType = sourcecode.swift; path = ExampleChatKitApp.swift; sourceTree = "<group>"; };
		6715302A259739AB008E9285 /* ContentView.swift */ = {isa = PBXFileReference; lastKnownFileType = sourcecode.swift; path = ContentView.swift; sourceTree = "<group>"; };
		6715302C259739AC008E9285 /* Assets.xcassets */ = {isa = PBXFileReference; lastKnownFileType = folder.assetcatalog; path = Assets.xcassets; sourceTree = "<group>"; };
		6715302F259739AC008E9285 /* Preview Assets.xcassets */ = {isa = PBXFileReference; lastKnownFileType = folder.assetcatalog; path = "Preview Assets.xcassets"; sourceTree = "<group>"; };
		67153031259739AC008E9285 /* Info.plist */ = {isa = PBXFileReference; lastKnownFileType = text.plist.xml; path = Info.plist; sourceTree = "<group>"; };
		67153039259739FB008E9285 /* SendButton.swift */ = {isa = PBXFileReference; fileEncoding = 4; lastKnownFileType = sourcecode.swift; path = SendButton.swift; sourceTree = "<group>"; };
		6715303A259739FB008E9285 /* MessageField.swift */ = {isa = PBXFileReference; fileEncoding = 4; lastKnownFileType = sourcecode.swift; path = MessageField.swift; sourceTree = "<group>"; };
		6715303B259739FB008E9285 /* MessageScrollView.swift */ = {isa = PBXFileReference; fileEncoding = 4; lastKnownFileType = sourcecode.swift; path = MessageScrollView.swift; sourceTree = "<group>"; };
		6715304025973B65008E9285 /* Model.swift */ = {isa = PBXFileReference; lastKnownFileType = sourcecode.swift; path = Model.swift; sourceTree = "<group>"; };
		671C7BFA25974908001E6397 /* ChatBubble.swift */ = {isa = PBXFileReference; lastKnownFileType = sourcecode.swift; path = ChatBubble.swift; sourceTree = "<group>"; };
/* End PBXFileReference section */

/* Begin PBXFrameworksBuildPhase section */
		67153022259739AB008E9285 /* Frameworks */ = {
			isa = PBXFrameworksBuildPhase;
			buildActionMask = 2147483647;
			files = (
			);
			runOnlyForDeploymentPostprocessing = 0;
		};
/* End PBXFrameworksBuildPhase section */

/* Begin PBXGroup section */
		6715301C259739AB008E9285 = {
			isa = PBXGroup;
			children = (
				67153027259739AB008E9285 /* ExampleChatKit */,
				67153026259739AB008E9285 /* Products */,
			);
			sourceTree = "<group>";
		};
		67153026259739AB008E9285 /* Products */ = {
			isa = PBXGroup;
			children = (
				67153025259739AB008E9285 /* ExampleChatKit.app */,
			);
			name = Products;
			sourceTree = "<group>";
		};
		67153027259739AB008E9285 /* ExampleChatKit */ = {
			isa = PBXGroup;
			children = (
				67153028259739AB008E9285 /* ExampleChatKitApp.swift */,
				6715302A259739AB008E9285 /* ContentView.swift */,
				67153038259739FB008E9285 /* src */,
				6715302C259739AC008E9285 /* Assets.xcassets */,
				67153031259739AC008E9285 /* Info.plist */,
				6715302E259739AC008E9285 /* Preview Content */,
				6715304025973B65008E9285 /* Model.swift */,
			);
			path = ExampleChatKit;
			sourceTree = "<group>";
		};
		6715302E259739AC008E9285 /* Preview Content */ = {
			isa = PBXGroup;
			children = (
				6715302F259739AC008E9285 /* Preview Assets.xcassets */,
			);
			path = "Preview Content";
			sourceTree = "<group>";
		};
		67153038259739FB008E9285 /* src */ = {
			isa = PBXGroup;
			children = (
				67153039259739FB008E9285 /* SendButton.swift */,
				6715303A259739FB008E9285 /* MessageField.swift */,
				6715303B259739FB008E9285 /* MessageScrollView.swift */,
				671C7BFA25974908001E6397 /* ChatBubble.swift */,
			);
			name = src;
			path = ../../../src;
			sourceTree = "<group>";
		};
/* End PBXGroup section */

/* Begin PBXNativeTarget section */
		67153024259739AB008E9285 /* ExampleChatKit */ = {
			isa = PBXNativeTarget;
			buildConfigurationList = 67153034259739AC008E9285 /* Build configuration list for PBXNativeTarget "ExampleChatKit" */;
			buildPhases = (
				67153021259739AB008E9285 /* Sources */,
				67153022259739AB008E9285 /* Frameworks */,
				67153023259739AB008E9285 /* Resources */,
			);
			buildRules = (
			);
			dependencies = (
			);
			name = ExampleChatKit;
			productName = ExampleChatKit;
			productReference = 67153025259739AB008E9285 /* ExampleChatKit.app */;
			productType = "com.apple.product-type.application";
		};
/* End PBXNativeTarget section */

/* Begin PBXProject section */
		6715301D259739AB008E9285 /* Project object */ = {
			isa = PBXProject;
			attributes = {
				LastSwiftUpdateCheck = 1230;
				LastUpgradeCheck = 1230;
				TargetAttributes = {
					67153024259739AB008E9285 = {
						CreatedOnToolsVersion = 12.3;
					};
				};
			};
			buildConfigurationList = 67153020259739AB008E9285 /* Build configuration list for PBXProject "ExampleChatKit" */;
			compatibilityVersion = "Xcode 9.3";
			developmentRegion = en;
			hasScannedForEncodings = 0;
			knownRegions = (
				en,
				Base,
			);
			mainGroup = 6715301C259739AB008E9285;
			productRefGroup = 67153026259739AB008E9285 /* Products */;
			projectDirPath = "";
			projectRoot = "";
			targets = (
				67153024259739AB008E9285 /* ExampleChatKit */,
			);
		};
/* End PBXProject section */

/* Begin PBXResourcesBuildPhase section */
		67153023259739AB008E9285 /* Resources */ = {
			isa = PBXResourcesBuildPhase;
			buildActionMask = 2147483647;
			files = (
				67153030259739AC008E9285 /* Preview Assets.xcassets in Resources */,
				6715302D259739AC008E9285 /* Assets.xcassets in Resources */,
			);
			runOnlyForDeploymentPostprocessing = 0;
		};
/* End PBXResourcesBuildPhase section */

/* Begin PBXSourcesBuildPhase section */
		67153021259739AB008E9285 /* Sources */ = {
			isa = PBXSourcesBuildPhase;
			buildActionMask = 2147483647;
			files = (
				6715303C259739FB008E9285 /* SendButton.swift in Sources */,
				6715302B259739AB008E9285 /* ContentView.swift in Sources */,
				6715303D259739FB008E9285 /* MessageField.swift in Sources */,
				6715304125973B65008E9285 /* Model.swift in Sources */,
				67153029259739AB008E9285 /* ExampleChatKitApp.swift in Sources */,
				6715303E259739FB008E9285 /* MessageScrollView.swift in Sources */,
				671C7BFB25974908001E6397 /* ChatBubble.swift in Sources */,
			);
			runOnlyForDeploymentPostprocessing = 0;
		};
/* End PBXSourcesBuildPhase section */

/* Begin XCBuildConfiguration section */
		67153032259739AC008E9285 /* Debug */ = {
			isa = XCBuildConfiguration;
			buildSettings = {
				ALWAYS_SEARCH_USER_PATHS = NO;
				CLANG_ANALYZER_NONNULL = YES;
				CLANG_ANALYZER_NUMBER_OBJECT_CONVERSION = YES_AGGRESSIVE;
				CLANG_CXX_LANGUAGE_STANDARD = "gnu++14";
				CLANG_CXX_LIBRARY = "libc++";
				CLANG_ENABLE_MODULES = YES;
				CLANG_ENABLE_OBJC_ARC = YES;
				CLANG_ENABLE_OBJC_WEAK = YES;
				CLANG_WARN_BLOCK_CAPTURE_AUTORELEASING = YES;
				CLANG_WARN_BOOL_CONVERSION = YES;
				CLANG_WARN_COMMA = YES;
				CLANG_WARN_CONSTANT_CONVERSION = YES;
				CLANG_WARN_DEPRECATED_OBJC_IMPLEMENTATIONS = YES;
				CLANG_WARN_DIRECT_OBJC_ISA_USAGE = YES_ERROR;
				CLANG_WARN_DOCUMENTATION_COMMENTS = YES;
				CLANG_WARN_EMPTY_BODY = YES;
				CLANG_WARN_ENUM_CONVERSION = YES;
				CLANG_WARN_INFINITE_RECURSION = YES;
				CLANG_WARN_INT_CONVERSION = YES;
				CLANG_WARN_NON_LITERAL_NULL_CONVERSION = YES;
				CLANG_WARN_OBJC_IMPLICIT_RETAIN_SELF = YES;
				CLANG_WARN_OBJC_LITERAL_CONVERSION = YES;
				CLANG_WARN_OBJC_ROOT_CLASS = YES_ERROR;
				CLANG_WARN_QUOTED_INCLUDE_IN_FRAMEWORK_HEADER = YES;
				CLANG_WARN_RANGE_LOOP_ANALYSIS = YES;
				CLANG_WARN_STRICT_PROTOTYPES = YES;
				CLANG_WARN_SUSPICIOUS_MOVE = YES;
				CLANG_WARN_UNGUARDED_AVAILABILITY = YES_AGGRESSIVE;
				CLANG_WARN_UNREACHABLE_CODE = YES;
				CLANG_WARN__DUPLICATE_METHOD_MATCH = YES;
				COPY_PHASE_STRIP = NO;
				DEBUG_INFORMATION_FORMAT = dwarf;
				ENABLE_STRICT_OBJC_MSGSEND = YES;
				ENABLE_TESTABILITY = YES;
				GCC_C_LANGUAGE_STANDARD = gnu11;
				GCC_DYNAMIC_NO_PIC = NO;
				GCC_NO_COMMON_BLOCKS = YES;
				GCC_OPTIMIZATION_LEVEL = 0;
				GCC_PREPROCESSOR_DEFINITIONS = (
					"DEBUG=1",
					"$(inherited)",
				);
				GCC_WARN_64_TO_32_BIT_CONVERSION = YES;
				GCC_WARN_ABOUT_RETURN_TYPE = YES_ERROR;
				GCC_WARN_UNDECLARED_SELECTOR = YES;
				GCC_WARN_UNINITIALIZED_AUTOS = YES_AGGRESSIVE;
				GCC_WARN_UNUSED_FUNCTION = YES;
				GCC_WARN_UNUSED_VARIABLE = YES;
				IPHONEOS_DEPLOYMENT_TARGET = 14.3;
				MTL_ENABLE_DEBUG_INFO = INCLUDE_SOURCE;
				MTL_FAST_MATH = YES;
				ONLY_ACTIVE_ARCH = YES;
				SDKROOT = iphoneos;
				SWIFT_ACTIVE_COMPILATION_CONDITIONS = DEBUG;
				SWIFT_OPTIMIZATION_LEVEL = "-Onone";
			};
			name = Debug;
		};
		67153033259739AC008E9285 /* Release */ = {
			isa = XCBuildConfiguration;
			buildSettings = {
				ALWAYS_SEARCH_USER_PATHS = NO;
				CLANG_ANALYZER_NONNULL = YES;
				CLANG_ANALYZER_NUMBER_OBJECT_CONVERSION = YES_AGGRESSIVE;
				CLANG_CXX_LANGUAGE_STANDARD = "gnu++14";
				CLANG_CXX_LIBRARY = "libc++";
				CLANG_ENABLE_MODULES = YES;
				CLANG_ENABLE_OBJC_ARC = YES;
				CLANG_ENABLE_OBJC_WEAK = YES;
				CLANG_WARN_BLOCK_CAPTURE_AUTORELEASING = YES;
				CLANG_WARN_BOOL_CONVERSION = YES;
				CLANG_WARN_COMMA = YES;
				CLANG_WARN_CONSTANT_CONVERSION = YES;
				CLANG_WARN_DEPRECATED_OBJC_IMPLEMENTATIONS = YES;
				CLANG_WARN_DIRECT_OBJC_ISA_USAGE = YES_ERROR;
				CLANG_WARN_DOCUMENTATION_COMMENTS = YES;
				CLANG_WARN_EMPTY_BODY = YES;
				CLANG_WARN_ENUM_CONVERSION = YES;
				CLANG_WARN_INFINITE_RECURSION = YES;
				CLANG_WARN_INT_CONVERSION = YES;
				CLANG_WARN_NON_LITERAL_NULL_CONVERSION = YES;
				CLANG_WARN_OBJC_IMPLICIT_RETAIN_SELF = YES;
				CLANG_WARN_OBJC_LITERAL_CONVERSION = YES;
				CLANG_WARN_OBJC_ROOT_CLASS = YES_ERROR;
				CLANG_WARN_QUOTED_INCLUDE_IN_FRAMEWORK_HEADER = YES;
				CLANG_WARN_RANGE_LOOP_ANALYSIS = YES;
				CLANG_WARN_STRICT_PROTOTYPES = YES;
				CLANG_WARN_SUSPICIOUS_MOVE = YES;
				CLANG_WARN_UNGUARDED_AVAILABILITY = YES_AGGRESSIVE;
				CLANG_WARN_UNREACHABLE_CODE = YES;
				CLANG_WARN__DUPLICATE_METHOD_MATCH = YES;
				COPY_PHASE_STRIP = NO;
				DEBUG_INFORMATION_FORMAT = "dwarf-with-dsym";
				ENABLE_NS_ASSERTIONS = NO;
				ENABLE_STRICT_OBJC_MSGSEND = YES;
				GCC_C_LANGUAGE_STANDARD = gnu11;
				GCC_NO_COMMON_BLOCKS = YES;
				GCC_WARN_64_TO_32_BIT_CONVERSION = YES;
				GCC_WARN_ABOUT_RETURN_TYPE = YES_ERROR;
				GCC_WARN_UNDECLARED_SELECTOR = YES;
				GCC_WARN_UNINITIALIZED_AUTOS = YES_AGGRESSIVE;
				GCC_WARN_UNUSED_FUNCTION = YES;
				GCC_WARN_UNUSED_VARIABLE = YES;
				IPHONEOS_DEPLOYMENT_TARGET = 14.3;
				MTL_ENABLE_DEBUG_INFO = NO;
				MTL_FAST_MATH = YES;
				SDKROOT = iphoneos;
				SWIFT_COMPILATION_MODE = wholemodule;
				SWIFT_OPTIMIZATION_LEVEL = "-O";
				VALIDATE_PRODUCT = YES;
			};
			name = Release;
		};
		67153035259739AC008E9285 /* Debug */ = {
			isa = XCBuildConfiguration;
			buildSettings = {
				ASSETCATALOG_COMPILER_APPICON_NAME = AppIcon;
				ASSETCATALOG_COMPILER_GLOBAL_ACCENT_COLOR_NAME = AccentColor;
				CODE_SIGN_STYLE = Automatic;
				DEVELOPMENT_ASSET_PATHS = "\"ExampleChatKit/Preview Content\"";
				DEVELOPMENT_TEAM = 67JTT5C3WS;
				ENABLE_PREVIEWS = YES;
				INFOPLIST_FILE = ExampleChatKit/Info.plist;
				IPHONEOS_DEPLOYMENT_TARGET = 14.0;
				LD_RUNPATH_SEARCH_PATHS = (
					"$(inherited)",
					"@executable_path/Frameworks",
				);
				PRODUCT_BUNDLE_IDENTIFIER = jwaladiamonds.ExampleChatKit;
				PRODUCT_NAME = "$(TARGET_NAME)";
				SWIFT_VERSION = 5.0;
				TARGETED_DEVICE_FAMILY = "1,2";
			};
			name = Debug;
		};
		67153036259739AC008E9285 /* Release */ = {
			isa = XCBuildConfiguration;
			buildSettings = {
				ASSETCATALOG_COMPILER_APPICON_NAME = AppIcon;
				ASSETCATALOG_COMPILER_GLOBAL_ACCENT_COLOR_NAME = AccentColor;
				CODE_SIGN_STYLE = Automatic;
				DEVELOPMENT_ASSET_PATHS = "\"ExampleChatKit/Preview Content\"";
				DEVELOPMENT_TEAM = 67JTT5C3WS;
				ENABLE_PREVIEWS = YES;
				INFOPLIST_FILE = ExampleChatKit/Info.plist;
				IPHONEOS_DEPLOYMENT_TARGET = 14.0;
				LD_RUNPATH_SEARCH_PATHS = (
					"$(inherited)",
					"@executable_path/Frameworks",
				);
				PRODUCT_BUNDLE_IDENTIFIER = jwaladiamonds.ExampleChatKit;
				PRODUCT_NAME = "$(TARGET_NAME)";
				SWIFT_VERSION = 5.0;
				TARGETED_DEVICE_FAMILY = "1,2";
			};
			name = Release;
		};
/* End XCBuildConfiguration section */

/* Begin XCConfigurationList section */
		67153020259739AB008E9285 /* Build configuration list for PBXProject "ExampleChatKit" */ = {
			isa = XCConfigurationList;
			buildConfigurations = (
				67153032259739AC008E9285 /* Debug */,
				67153033259739AC008E9285 /* Release */,
			);
			defaultConfigurationIsVisible = 0;
			defaultConfigurationName = Release;
		};
		67153034259739AC008E9285 /* Build configuration list for PBXNativeTarget "ExampleChatKit" */ = {
			isa = XCConfigurationList;
			buildConfigurations = (
				67153035259739AC008E9285 /* Debug */,
				67153036259739AC008E9285 /* Release */,
			);
			defaultConfigurationIsVisible = 0;
			defaultConfigurationName = Release;
		};
/* End XCConfigurationList section */
	};
	rootObject = 6715301D259739AB008E9285 /* Project object */;
}
